
Microsoft Visual Studio Solution File, Format Version 12.00
# Visual Studio 15
VisualStudioVersion = 15.0.27130.2010
MinimumVisualStudioVersion = 10.0.40219.1
Project("{FAE04EC0-301F-11D3-BF4B-00C04F79EFBC}") = "TextWrap", "TextWrap\TextWrap.csproj", "{8E4BA901-D1BD-42C9-9C9E-3DC0324A7175}"
EndProject
Global
	GlobalSection(SolutionConfigurationPlatforms) = preSolution
		Debug|Any CPU = Debug|Any CPU
		Release|Any CPU = Release|Any CPU
	EndGlobalSection
	GlobalSection(ProjectConfigurationPlatforms) = postSolution
		{8E4BA901-D1BD-42C9-9C9E-3DC0324A7175}.Debug|Any CPU.ActiveCfg = Debug|Any CPU
		{8E4BA901-D1BD-42C9-9C9E-3DC0324A7175}.Debug|Any CPU.Build.0 = Debug|Any CPU
		{8E4BA901-D1BD-42C9-9C9E-3DC0324A7175}.Release|Any CPU.ActiveCfg = Release|Any CPU
		{8E4BA901-D1BD-42C9-9C9E-3DC0324A7175}.Release|Any CPU.Build.0 = Release|Any CPU
	EndGlobalSection
	GlobalSection(SolutionProperties) = preSolution
		HideSolutionNode = FALSE
	EndGlobalSection
	GlobalSection(ExtensibilityGlobals) = postSolution
		SolutionGuid = {15DFABCB-8B4F-4B51-BD21-645F3D4A43F5}
	EndGlobalSection
EndGlobal
